
Microsoft Visual Studio Solution File, Format Version 12.00
# Visual Studio Version 16
VisualStudioVersion = 16.0.31129.286
MinimumVisualStudioVersion = 10.0.40219.1
Project("{9A19103F-16F7-4668-BE54-9A1E7A4F7556}") = "Rookie.CustomerSite", "Rookie.CustomerSite\Rookie.CustomerSite.csproj", "{24BCCFD8-E1DE-42F6-9F1D-C0F1D017FD52}"
EndProject
Project("{9A19103F-16F7-4668-BE54-9A1E7A4F7556}") = "Rookie.Backend", "Rookie.Backend\Rookie.Backend.csproj", "{C183BBCA-E73A-482D-9B02-415166121058}"
EndProject
Project("{9A19103F-16F7-4668-BE54-9A1E7A4F7556}") = "Rookie.Shared", "Rookie.Shared\Rookie.Shared.csproj", "{03F4AB08-6300-4E20-B15F-48ED590978F6}"
EndProject
Global
	GlobalSection(SolutionConfigurationPlatforms) = preSolution
		Debug|Any CPU = Debug|Any CPU
		Debug|x86 = Debug|x86
		Release|Any CPU = Release|Any CPU
		Release|x86 = Release|x86
	EndGlobalSection
	GlobalSection(ProjectConfigurationPlatforms) = postSolution
		{24BCCFD8-E1DE-42F6-9F1D-C0F1D017FD52}.Debug|Any CPU.ActiveCfg = Debug|Any CPU
		{24BCCFD8-E1DE-42F6-9F1D-C0F1D017FD52}.Debug|Any CPU.Build.0 = Debug|Any CPU
		{24BCCFD8-E1DE-42F6-9F1D-C0F1D017FD52}.Debug|x86.ActiveCfg = Debug|x86
		{24BCCFD8-E1DE-42F6-9F1D-C0F1D017FD52}.Debug|x86.Build.0 = Debug|x86
		{24BCCFD8-E1DE-42F6-9F1D-C0F1D017FD52}.Release|Any CPU.ActiveCfg = Release|Any CPU
		{24BCCFD8-E1DE-42F6-9F1D-C0F1D017FD52}.Release|Any CPU.Build.0 = Release|Any CPU
		{24BCCFD8-E1DE-42F6-9F1D-C0F1D017FD52}.Release|x86.ActiveCfg = Release|x86
		{24BCCFD8-E1DE-42F6-9F1D-C0F1D017FD52}.Release|x86.Build.0 = Release|x86
		{C183BBCA-E73A-482D-9B02-415166121058}.Debug|Any CPU.ActiveCfg = Debug|Any CPU
		{C183BBCA-E73A-482D-9B02-415166121058}.Debug|Any CPU.Build.0 = Debug|Any CPU
		{C183BBCA-E73A-482D-9B02-415166121058}.Debug|x86.ActiveCfg = Debug|x86
		{C183BBCA-E73A-482D-9B02-415166121058}.Debug|x86.Build.0 = Debug|x86
		{C183BBCA-E73A-482D-9B02-415166121058}.Release|Any CPU.ActiveCfg = Release|Any CPU
		{C183BBCA-E73A-482D-9B02-415166121058}.Release|Any CPU.Build.0 = Release|Any CPU
		{C183BBCA-E73A-482D-9B02-415166121058}.Release|x86.ActiveCfg = Release|x86
		{C183BBCA-E73A-482D-9B02-415166121058}.Release|x86.Build.0 = Release|x86
		{03F4AB08-6300-4E20-B15F-48ED590978F6}.Debug|Any CPU.ActiveCfg = Debug|Any CPU
		{03F4AB08-6300-4E20-B15F-48ED590978F6}.Debug|Any CPU.Build.0 = Debug|Any CPU
		{03F4AB08-6300-4E20-B15F-48ED590978F6}.Debug|x86.ActiveCfg = Debug|x86
		{03F4AB08-6300-4E20-B15F-48ED590978F6}.Debug|x86.Build.0 = Debug|x86
		{03F4AB08-6300-4E20-B15F-48ED590978F6}.Release|Any CPU.ActiveCfg = Release|Any CPU
		{03F4AB08-6300-4E20-B15F-48ED590978F6}.Release|Any CPU.Build.0 = Release|Any CPU
		{03F4AB08-6300-4E20-B15F-48ED590978F6}.Release|x86.ActiveCfg = Release|x86
		{03F4AB08-6300-4E20-B15F-48ED590978F6}.Release|x86.Build.0 = Release|x86
	EndGlobalSection
	GlobalSection(SolutionProperties) = preSolution
		HideSolutionNode = FALSE
	EndGlobalSection
	GlobalSection(ExtensibilityGlobals) = postSolution
		SolutionGuid = {3C2688FB-B911-4F93-B8FF-8A6DBA0DAB69}
	EndGlobalSection
EndGlobal
